github.com/thishw/synapse-hugo-shared v0.0.0-20260624073827-e9c6c97fc3b2 h1:4iOITd0GxiAEZC98RDTIUOTlDSuN6lWYIpOF9WBBGp8=
github.com/thishw/synapse-hugo-shared v0.0.0-20260624073827-e9c6c97fc3b2/go.mod h1:3NRuKE6T3so8tEh/Vv5XEWuoQ3rNGF5QJY1x53wmVME=
github.com/thishw/synapse-hugo-shared v0.0.0-20260630053945-932267f9bdd4 h1:lCi0fFBRgdvnXqxhehMax+20qBr/sC6qKIXlnsSB6Wg=
github.com/thishw/synapse-hugo-shared v0.0.0-20260630053945-932267f9bdd4/go.mod h1:3NRuKE6T3so8tEh/Vv5XEWuoQ3rNGF5QJY1x53wmVME=
github.com/thishw/synapse-hugo-shared v0.0.0-20260701094526-4683cf7d3d8b h1:tfM3P6nCJ/A1/2frWIcYlFaatSuaNlxEpQPhxj23RNs=
github.com/thishw/synapse-hugo-shared v0.0.0-20260701094526-4683cf7d3d8b/go.mod h1:3NRuKE6T3so8tEh/Vv5XEWuoQ3rNGF5QJY1x53wmVME=
github.com/thishw/synapse-hugo-shared v0.0.0-20260702115237-6cd9b0a9cdb2 h1:Uw/JLxGYvqYpNNJwTbmESedTpCGT85AorlwwffL5plk=
github.com/thishw/synapse-hugo-shared v0.0.0-20260702115237-6cd9b0a9cdb2/go.mod h1:3NRuKE6T3so8tEh/Vv5XEWuoQ3rNGF5QJY1x53wmVME=
github.com/thishw/synapse-hugo-shared v0.0.0-20260702154052-aee13a9933b2 h1:ROeodxaZzv8JSOG01obfKcmaKWAVRSnp6IyWklnGXus=
github.com/thishw/synapse-hugo-shared v0.0.0-20260702154052-aee13a9933b2/go.mod h1:3NRuKE6T3so8tEh/Vv5XEWuoQ3rNGF5QJY1x53wmVME=
github.com/thishw/synapse-hugo-shared v0.0.0-20260702154534-df93c25ddfd2 h1:+u9ONyLgyhYsUZmDwZ+uChjxeKIMiN8TKDTkNeFn9OE=
github.com/thishw/synapse-hugo-shared v0.0.0-20260702154534-df93c25ddfd2/go.mod h1:3NRuKE6T3so8tEh/Vv5XEWuoQ3rNGF5QJY1x53wmVME=
github.com/thishw/synapse-hugo-shared v0.0.0-20260702155633-6da7f9588a08 h1:JFGkBitrOQisIpJISYzG0KPS0noQgjTSHbUDRgov0tE=
github.com/thishw/synapse-hugo-shared v0.0.0-20260702155633-6da7f9588a08/go.mod h1:3NRuKE6T3so8tEh/Vv5XEWuoQ3rNGF5QJY1x53wmVME=
