github.com/thishw/synapse-hugo-shared v0.0.0-20260624073827-e9c6c97fc3b2 h1:4iOITd0GxiAEZC98RDTIUOTlDSuN6lWYIpOF9WBBGp8=
github.com/thishw/synapse-hugo-shared v0.0.0-20260624073827-e9c6c97fc3b2/go.mod h1:3NRuKE6T3so8tEh/Vv5XEWuoQ3rNGF5QJY1x53wmVME=
github.com/thishw/synapse-hugo-shared v0.0.0-20260630053945-932267f9bdd4 h1:lCi0fFBRgdvnXqxhehMax+20qBr/sC6qKIXlnsSB6Wg=
github.com/thishw/synapse-hugo-shared v0.0.0-20260630053945-932267f9bdd4/go.mod h1:3NRuKE6T3so8tEh/Vv5XEWuoQ3rNGF5QJY1x53wmVME=
